
Microsoft Visual Studio Solution File, Format Version 12.00
# Visual Studio Version 17
VisualStudioVersion = 17.6.33815.320
MinimumVisualStudioVersion = 10.0.40219.1
Project("{FAE04EC0-301F-11D3-BF4B-00C04F79EFBC}") = "SmartGradeAPI", "SmartGradeAPI\SmartGradeAPI.csproj", "{10A88621-7FEE-4CF3-8089-649140AAA3DD}"
EndProject
Global
	GlobalSection(SolutionConfigurationPlatforms) = preSolution
		Debug|Any CPU = Debug|Any CPU
		Release|Any CPU = Release|Any CPU
	EndGlobalSection
	GlobalSection(ProjectConfigurationPlatforms) = postSolution
		{10A88621-7FEE-4CF3-8089-649140AAA3DD}.Debug|Any CPU.ActiveCfg = Debug|Any CPU
		{10A88621-7FEE-4CF3-8089-649140AAA3DD}.Debug|Any CPU.Build.0 = Debug|Any CPU
		{10A88621-7FEE-4CF3-8089-649140AAA3DD}.Release|Any CPU.ActiveCfg = Release|Any CPU
		{10A88621-7FEE-4CF3-8089-649140AAA3DD}.Release|Any CPU.Build.0 = Release|Any CPU
	EndGlobalSection
	GlobalSection(SolutionProperties) = preSolution
		HideSolutionNode = FALSE
	EndGlobalSection
	GlobalSection(ExtensibilityGlobals) = postSolution
		SolutionGuid = {BA1BDE14-6A96-4148-B5E1-CE0C8A2FC413}
	EndGlobalSection
EndGlobal
